
Microsoft Visual Studio Solution File, Format Version 11.00
# Visual Studio 2010
Project("{2150E333-8FDC-42A3-9474-1A3956D46DE8}") = "04-Tests", "04-Tests", "{B3454E3D-0802-4CD3-AC17-D551F8867BB5}"
EndProject
Project("{FAE04EC0-301F-11D3-BF4B-00C04F79EFBC}") = "Tests", "Tests\Tests.csproj", "{EF1A5D54-D72D-44F7-A324-817E50D73CF4}"
EndProject
Project("{2150E333-8FDC-42A3-9474-1A3956D46DE8}") = "02- Modules", "02- Modules", "{40ECDD84-9726-4676-B852-08E739D7FFE4}"
EndProject
Project("{FAE04EC0-301F-11D3-BF4B-00C04F79EFBC}") = "FileHandler", "Modules\FileHandler\FileHandler.csproj", "{1300718E-72E0-4D48-8331-163574EB3879}"
EndProject
Project("{FAE04EC0-301F-11D3-BF4B-00C04F79EFBC}") = "IniParser", "Modules\IniParser\IniParser.csproj", "{FDB12945-0133-4969-8ADA-A84308A2B7FE}"
EndProject
Project("{FAE04EC0-301F-11D3-BF4B-00C04F79EFBC}") = "OSDetector", "Modules\OSDetector\OSDetector.csproj", "{76862F47-748A-4432-B6C0-DBE3CD5BDED7}"
EndProject
Project("{FAE04EC0-301F-11D3-BF4B-00C04F79EFBC}") = "TimerManager", "Modules\TimerManager\TimerManager.csproj", "{9955F0E9-02C3-42EA-AF3F-2A42064088C4}"
EndProject
Project("{FAE04EC0-301F-11D3-BF4B-00C04F79EFBC}") = "CmdRunner", "Modules\CmdRunner\CmdRunner.csproj", "{57119B6E-B45F-4E98-AFE9-2578629B9486}"
EndProject
Project("{FAE04EC0-301F-11D3-BF4B-00C04F79EFBC}") = "XMLHandler", "Modules\XMLHandler\XMLHandler.csproj", "{2078BDA0-0D96-4053-8679-C021CE3C867E}"
EndProject
Project("{2150E333-8FDC-42A3-9474-1A3956D46DE8}") = "01-Helper", "01-Helper", "{716079A1-9895-42D6-860C-FC9F5E08CA64}"
	ProjectSection(SolutionItems) = preProject
		Helper\structure.txt = Helper\structure.txt
	EndProjectSection
	ProjectSection(MonoDevelopProperties) = preProject
		BaseDirectory = Helper
	EndProjectSection
EndProject
Project("{FAE04EC0-301F-11D3-BF4B-00C04F79EFBC}") = "LoggerLayer", "Helper\LoggerLayer\LoggerLayer.csproj", "{B488EE1B-7DBB-4D53-A48B-AED51707F12B}"
EndProject
Project("{2150E333-8FDC-42A3-9474-1A3956D46DE8}") = "03-Wrappers", "03-Wrappers", "{B8F419A4-BE8F-4801-9B2C-5430D69A6E2F}"
	ProjectSection(MonoDevelopProperties) = preProject
		BaseDirectory = Wrappers
	EndProjectSection
EndProject
Global
	GlobalSection(SolutionConfigurationPlatforms) = preSolution
		Debug|x86 = Debug|x86
		Release|x86 = Release|x86
	EndGlobalSection
	GlobalSection(ProjectConfigurationPlatforms) = postSolution
		{1300718E-72E0-4D48-8331-163574EB3879}.Debug|x86.ActiveCfg = Debug|Any CPU
		{1300718E-72E0-4D48-8331-163574EB3879}.Debug|x86.Build.0 = Debug|Any CPU
		{1300718E-72E0-4D48-8331-163574EB3879}.Release|x86.ActiveCfg = Release|Any CPU
		{1300718E-72E0-4D48-8331-163574EB3879}.Release|x86.Build.0 = Release|Any CPU
		{2078BDA0-0D96-4053-8679-C021CE3C867E}.Debug|x86.ActiveCfg = Debug|Any CPU
		{2078BDA0-0D96-4053-8679-C021CE3C867E}.Debug|x86.Build.0 = Debug|Any CPU
		{2078BDA0-0D96-4053-8679-C021CE3C867E}.Release|x86.ActiveCfg = Release|Any CPU
		{2078BDA0-0D96-4053-8679-C021CE3C867E}.Release|x86.Build.0 = Release|Any CPU
		{57119B6E-B45F-4E98-AFE9-2578629B9486}.Debug|x86.ActiveCfg = Debug|Any CPU
		{57119B6E-B45F-4E98-AFE9-2578629B9486}.Debug|x86.Build.0 = Debug|Any CPU
		{57119B6E-B45F-4E98-AFE9-2578629B9486}.Release|x86.ActiveCfg = Release|Any CPU
		{57119B6E-B45F-4E98-AFE9-2578629B9486}.Release|x86.Build.0 = Release|Any CPU
		{76862F47-748A-4432-B6C0-DBE3CD5BDED7}.Debug|x86.ActiveCfg = Debug|Any CPU
		{76862F47-748A-4432-B6C0-DBE3CD5BDED7}.Debug|x86.Build.0 = Debug|Any CPU
		{76862F47-748A-4432-B6C0-DBE3CD5BDED7}.Release|x86.ActiveCfg = Release|Any CPU
		{76862F47-748A-4432-B6C0-DBE3CD5BDED7}.Release|x86.Build.0 = Release|Any CPU
		{9955F0E9-02C3-42EA-AF3F-2A42064088C4}.Debug|x86.ActiveCfg = Debug|Any CPU
		{9955F0E9-02C3-42EA-AF3F-2A42064088C4}.Debug|x86.Build.0 = Debug|Any CPU
		{9955F0E9-02C3-42EA-AF3F-2A42064088C4}.Release|x86.ActiveCfg = Release|Any CPU
		{9955F0E9-02C3-42EA-AF3F-2A42064088C4}.Release|x86.Build.0 = Release|Any CPU
		{B488EE1B-7DBB-4D53-A48B-AED51707F12B}.Debug|x86.ActiveCfg = Debug|x86
		{B488EE1B-7DBB-4D53-A48B-AED51707F12B}.Debug|x86.Build.0 = Debug|x86
		{B488EE1B-7DBB-4D53-A48B-AED51707F12B}.Release|x86.ActiveCfg = Release|x86
		{B488EE1B-7DBB-4D53-A48B-AED51707F12B}.Release|x86.Build.0 = Release|x86
		{EF1A5D54-D72D-44F7-A324-817E50D73CF4}.Debug|x86.ActiveCfg = Debug|x86
		{EF1A5D54-D72D-44F7-A324-817E50D73CF4}.Debug|x86.Build.0 = Debug|x86
		{EF1A5D54-D72D-44F7-A324-817E50D73CF4}.Release|x86.ActiveCfg = Release|x86
		{EF1A5D54-D72D-44F7-A324-817E50D73CF4}.Release|x86.Build.0 = Release|x86
		{FDB12945-0133-4969-8ADA-A84308A2B7FE}.Debug|x86.ActiveCfg = Debug|Any CPU
		{FDB12945-0133-4969-8ADA-A84308A2B7FE}.Debug|x86.Build.0 = Debug|Any CPU
		{FDB12945-0133-4969-8ADA-A84308A2B7FE}.Release|x86.ActiveCfg = Release|Any CPU
		{FDB12945-0133-4969-8ADA-A84308A2B7FE}.Release|x86.Build.0 = Release|Any CPU
	EndGlobalSection
	GlobalSection(NestedProjects) = preSolution
		{EF1A5D54-D72D-44F7-A324-817E50D73CF4} = {B3454E3D-0802-4CD3-AC17-D551F8867BB5}
		{1300718E-72E0-4D48-8331-163574EB3879} = {40ECDD84-9726-4676-B852-08E739D7FFE4}
		{FDB12945-0133-4969-8ADA-A84308A2B7FE} = {40ECDD84-9726-4676-B852-08E739D7FFE4}
		{76862F47-748A-4432-B6C0-DBE3CD5BDED7} = {40ECDD84-9726-4676-B852-08E739D7FFE4}
		{9955F0E9-02C3-42EA-AF3F-2A42064088C4} = {40ECDD84-9726-4676-B852-08E739D7FFE4}
		{57119B6E-B45F-4E98-AFE9-2578629B9486} = {40ECDD84-9726-4676-B852-08E739D7FFE4}
		{2078BDA0-0D96-4053-8679-C021CE3C867E} = {40ECDD84-9726-4676-B852-08E739D7FFE4}
		{B488EE1B-7DBB-4D53-A48B-AED51707F12B} = {716079A1-9895-42D6-860C-FC9F5E08CA64}
	EndGlobalSection
	GlobalSection(MonoDevelopProperties) = preSolution
		StartupItem = Tests\Tests.csproj
		Policies = $0
		$0.DotNetNamingPolicy = $1
		$1.DirectoryNamespaceAssociation = None
		$1.ResourceNamePolicy = FileFormatDefault
		$0.TextStylePolicy = $2
		$2.FileWidth = 120
		$2.inheritsSet = VisualStudio
		$2.inheritsScope = text/plain
		$2.scope = text/x-csharp
		$0.CSharpFormattingPolicy = $3
		$3.IndentInterfaceBody = False
		$3.IndentStructBody = False
		$3.IndentSwitchBody = True
		$3.AlignEmbeddedUsingStatements = False
		$3.AlignEmbeddedIfStatements = False
		$3.AnonymousMethodBraceStyle = NextLine
		$3.PropertyBraceStyle = NextLine
		$3.StatementBraceStyle = NextLine
		$3.IfElseBraceForcement = AddBraces
		$3.ForBraceForcement = AddBraces
		$3.WhileBraceForcement = AddBraces
		$3.UsingBraceForcement = AddBraces
		$3.FixedBraceForcement = AddBraces
		$3.BeforeMethodDeclarationParentheses = False
		$3.BeforeMethodCallParentheses = False
		$3.BeforeConstructorDeclarationParentheses = False
		$3.BeforeIndexerDeclarationBracket = False
		$3.BeforeIndexerDeclarationParameterComma = True
		$3.BeforeDelegateDeclarationParentheses = False
		$3.AfterDelegateDeclarationParameterComma = True
		$3.NewParentheses = False
		$3.SpacesBeforeBrackets = False
		$3.inheritsSet = Mono
		$3.inheritsScope = text/x-csharp
		$3.scope = text/x-csharp
		$0.TextStylePolicy = $4
		$4.FileWidth = 120
		$4.inheritsSet = VisualStudio
		$4.inheritsScope = text/plain
		$4.scope = text/plain
		$0.TextStylePolicy = $5
		$5.inheritsSet = null
		$5.scope = application/config+xml
		$0.XmlFormattingPolicy = $6
		$6.inheritsSet = null
		$6.scope = application/config+xml
		$0.TextStylePolicy = $7
		$7.inheritsSet = null
		$7.scope = application/xml
		$0.XmlFormattingPolicy = $8
		$8.inheritsSet = Mono
		$8.inheritsScope = application/xml
		$8.scope = application/xml
		$0.StandardHeader = $9
		$9.Text = 
		$9.IncludeInNewFiles = True
		$0.NameConventionPolicy = $10
		$10.Rules = $11
		$11.NamingRule = $12
		$12.Name = Namespaces
		$12.AffectedEntity = Namespace
		$12.VisibilityMask = VisibilityMask
		$12.NamingStyle = PascalCase
		$12.IncludeInstanceMembers = True
		$12.IncludeStaticEntities = True
		$11.NamingRule = $13
		$13.Name = Types
		$13.AffectedEntity = Class, Struct, Enum, Delegate
		$13.VisibilityMask = VisibilityMask
		$13.NamingStyle = PascalCase
		$13.IncludeInstanceMembers = True
		$13.IncludeStaticEntities = True
		$11.NamingRule = $14
		$14.Name = Interfaces
		$14.RequiredPrefixes = $15
		$15.String = I
		$14.AffectedEntity = Interface
		$14.VisibilityMask = VisibilityMask
		$14.NamingStyle = PascalCase
		$14.IncludeInstanceMembers = True
		$14.IncludeStaticEntities = True
		$11.NamingRule = $16
		$16.Name = Attributes
		$16.RequiredSuffixes = $17
		$17.String = Attribute
		$16.AffectedEntity = CustomAttributes
		$16.VisibilityMask = VisibilityMask
		$16.NamingStyle = PascalCase
		$16.IncludeInstanceMembers = True
		$16.IncludeStaticEntities = True
		$11.NamingRule = $18
		$18.Name = Event Arguments
		$18.RequiredSuffixes = $19
		$19.String = EventArgs
		$18.AffectedEntity = CustomEventArgs
		$18.VisibilityMask = VisibilityMask
		$18.NamingStyle = PascalCase
		$18.IncludeInstanceMembers = True
		$18.IncludeStaticEntities = True
		$11.NamingRule = $20
		$20.Name = Exceptions
		$20.RequiredSuffixes = $21
		$21.String = Exception
		$20.AffectedEntity = CustomExceptions
		$20.VisibilityMask = VisibilityMask
		$20.NamingStyle = PascalCase
		$20.IncludeInstanceMembers = True
		$20.IncludeStaticEntities = True
		$11.NamingRule = $22
		$22.Name = Methods
		$22.AffectedEntity = Methods
		$22.VisibilityMask = VisibilityMask
		$22.NamingStyle = PascalCase
		$22.IncludeInstanceMembers = True
		$22.IncludeStaticEntities = True
		$11.NamingRule = $23
		$23.Name = Static Readonly Fields
		$23.AffectedEntity = ReadonlyField
		$23.VisibilityMask = Internal, Protected, Public
		$23.NamingStyle = PascalCase
		$23.IncludeInstanceMembers = False
		$23.IncludeStaticEntities = True
		$11.NamingRule = $24
		$24.Name = Fields (Non Private)
		$24.AffectedEntity = Field
		$24.VisibilityMask = Internal, Protected, Public
		$24.NamingStyle = PascalCase
		$24.IncludeInstanceMembers = True
		$24.IncludeStaticEntities = True
		$11.NamingRule = $25
		$25.Name = ReadOnly Fields (Non Private)
		$25.AffectedEntity = ReadonlyField
		$25.VisibilityMask = Internal, Protected, Public
		$25.NamingStyle = PascalCase
		$25.IncludeInstanceMembers = True
		$25.IncludeStaticEntities = False
		$11.NamingRule = $26
		$26.Name = Fields (Private)
		$26.AllowedPrefixes = $27
		$27.String = _
		$27.String = m_
		$26.AffectedEntity = Field, ReadonlyField
		$26.VisibilityMask = Private
		$26.NamingStyle = CamelCase
		$26.IncludeInstanceMembers = True
		$26.IncludeStaticEntities = False
		$11.NamingRule = $28
		$28.Name = Static Fields (Private)
		$28.AffectedEntity = Field
		$28.VisibilityMask = Private
		$28.NamingStyle = CamelCase
		$28.IncludeInstanceMembers = False
		$28.IncludeStaticEntities = True
		$11.NamingRule = $29
		$29.Name = ReadOnly Fields (Private)
		$29.AllowedPrefixes = $30
		$30.String = _
		$30.String = m_
		$29.AffectedEntity = ReadonlyField
		$29.VisibilityMask = Private
		$29.NamingStyle = CamelCase
		$29.IncludeInstanceMembers = True
		$29.IncludeStaticEntities = False
		$11.NamingRule = $31
		$31.Name = Constant Fields
		$31.AffectedEntity = ConstantField
		$31.VisibilityMask = VisibilityMask
		$31.NamingStyle = PascalCase
		$31.IncludeInstanceMembers = True
		$31.IncludeStaticEntities = True
		$11.NamingRule = $32
		$32.Name = Properties
		$32.AffectedEntity = Property
		$32.VisibilityMask = VisibilityMask
		$32.NamingStyle = PascalCase
		$32.IncludeInstanceMembers = True
		$32.IncludeStaticEntities = True
		$11.NamingRule = $33
		$33.Name = Events
		$33.AffectedEntity = Event
		$33.VisibilityMask = VisibilityMask
		$33.NamingStyle = PascalCase
		$33.IncludeInstanceMembers = True
		$33.IncludeStaticEntities = True
		$11.NamingRule = $34
		$34.Name = Enum Members
		$34.AffectedEntity = EnumMember
		$34.VisibilityMask = VisibilityMask
		$34.NamingStyle = PascalCase
		$34.IncludeInstanceMembers = True
		$34.IncludeStaticEntities = True
		$11.NamingRule = $35
		$35.Name = Parameters
		$35.AffectedEntity = Parameter
		$35.VisibilityMask = VisibilityMask
		$35.NamingStyle = CamelCase
		$35.IncludeInstanceMembers = True
		$35.IncludeStaticEntities = True
		$11.NamingRule = $36
		$36.Name = Type Parameters
		$36.RequiredPrefixes = $37
		$37.String = T
		$36.AffectedEntity = TypeParameter
		$36.VisibilityMask = VisibilityMask
		$36.NamingStyle = PascalCase
		$36.IncludeInstanceMembers = True
		$36.IncludeStaticEntities = True
		outputpath = bin
	EndGlobalSection
EndGlobal
